
Microsoft Visual Studio Solution File, Format Version 12.00
# Visual Studio Version 17
VisualStudioVersion = 17.14.36203.30 d17.14
MinimumVisualStudioVersion = 10.0.40219.1
Project("{FAE04EC0-301F-11D3-BF4B-00C04F79EFBC}") = "LMS.API", "LMS.API\LMS.API.csproj", "{EA7D95A5-9AB3-46B6-A911-50534ABDC291}"
EndProject
Global
	GlobalSection(SolutionConfigurationPlatforms) = preSolution
		Debug|Any CPU = Debug|Any CPU
		Release|Any CPU = Release|Any CPU
	EndGlobalSection
	GlobalSection(ProjectConfigurationPlatforms) = postSolution
		{EA7D95A5-9AB3-46B6-A911-50534ABDC291}.Debug|Any CPU.ActiveCfg = Debug|Any CPU
		{EA7D95A5-9AB3-46B6-A911-50534ABDC291}.Debug|Any CPU.Build.0 = Debug|Any CPU
		{EA7D95A5-9AB3-46B6-A911-50534ABDC291}.Release|Any CPU.ActiveCfg = Release|Any CPU
		{EA7D95A5-9AB3-46B6-A911-50534ABDC291}.Release|Any CPU.Build.0 = Release|Any CPU
	EndGlobalSection
	GlobalSection(SolutionProperties) = preSolution
		HideSolutionNode = FALSE
	EndGlobalSection
	GlobalSection(ExtensibilityGlobals) = postSolution
		SolutionGuid = {8F71829A-4EE8-4C49-A53E-E8FD1935ABE5}
	EndGlobalSection
EndGlobal
